
Microsoft Visual Studio Solution File, Format Version 12.00
# Visual Studio Version 17
VisualStudioVersion = 17.7.34031.279
MinimumVisualStudioVersion = 10.0.40219.1
Project("{8BC9CEB8-8B4A-11D0-8D11-00A0C91BC942}") = "laba1", "laba1\laba1.vcxproj", "{02B84FC1-02F0-448B-9EF3-BEA0505BBB74}"
EndProject
Global
	GlobalSection(SolutionConfigurationPlatforms) = preSolution
		Debug|x64 = Debug|x64
		Debug|x86 = Debug|x86
		Release|x64 = Release|x64
		Release|x86 = Release|x86
	EndGlobalSection
	GlobalSection(ProjectConfigurationPlatforms) = postSolution
		{02B84FC1-02F0-448B-9EF3-BEA0505BBB74}.Debug|x64.ActiveCfg = Debug|x64
		{02B84FC1-02F0-448B-9EF3-BEA0505BBB74}.Debug|x64.Build.0 = Debug|x64
		{02B84FC1-02F0-448B-9EF3-BEA0505BBB74}.Debug|x86.ActiveCfg = Debug|Win32
		{02B84FC1-02F0-448B-9EF3-BEA0505BBB74}.Debug|x86.Build.0 = Debug|Win32
		{02B84FC1-02F0-448B-9EF3-BEA0505BBB74}.Release|x64.ActiveCfg = Release|x64
		{02B84FC1-02F0-448B-9EF3-BEA0505BBB74}.Release|x64.Build.0 = Release|x64
		{02B84FC1-02F0-448B-9EF3-BEA0505BBB74}.Release|x86.ActiveCfg = Release|Win32
		{02B84FC1-02F0-448B-9EF3-BEA0505BBB74}.Release|x86.Build.0 = Release|Win32
	EndGlobalSection
	GlobalSection(SolutionProperties) = preSolution
		HideSolutionNode = FALSE
	EndGlobalSection
	GlobalSection(ExtensibilityGlobals) = postSolution
		SolutionGuid = {DA389FEE-CA03-47F7-822A-85BC50EC64DB}
	EndGlobalSection
EndGlobal
