
Microsoft Visual Studio Solution File, Format Version 12.00
# Visual Studio Version 17
VisualStudioVersion = 17.7.34031.279
MinimumVisualStudioVersion = 10.0.40219.1
Project("{8BC9CEB8-8B4A-11D0-8D11-00A0C91BC942}") = "laba5", "laba5.vcxproj", "{086528CB-AA94-4514-8D26-F289F9E6378F}"
EndProject
Global
	GlobalSection(SolutionConfigurationPlatforms) = preSolution
		Debug|x64 = Debug|x64
		Debug|x86 = Debug|x86
		Release|x64 = Release|x64
		Release|x86 = Release|x86
	EndGlobalSection
	GlobalSection(ProjectConfigurationPlatforms) = postSolution
		{086528CB-AA94-4514-8D26-F289F9E6378F}.Debug|x64.ActiveCfg = Debug|x64
		{086528CB-AA94-4514-8D26-F289F9E6378F}.Debug|x64.Build.0 = Debug|x64
		{086528CB-AA94-4514-8D26-F289F9E6378F}.Debug|x86.ActiveCfg = Debug|Win32
		{086528CB-AA94-4514-8D26-F289F9E6378F}.Debug|x86.Build.0 = Debug|Win32
		{086528CB-AA94-4514-8D26-F289F9E6378F}.Release|x64.ActiveCfg = Release|x64
		{086528CB-AA94-4514-8D26-F289F9E6378F}.Release|x64.Build.0 = Release|x64
		{086528CB-AA94-4514-8D26-F289F9E6378F}.Release|x86.ActiveCfg = Release|Win32
		{086528CB-AA94-4514-8D26-F289F9E6378F}.Release|x86.Build.0 = Release|Win32
	EndGlobalSection
	GlobalSection(SolutionProperties) = preSolution
		HideSolutionNode = FALSE
	EndGlobalSection
	GlobalSection(ExtensibilityGlobals) = postSolution
		SolutionGuid = {5F463C89-8C0F-4625-A6AC-6531AD256585}
	EndGlobalSection
EndGlobal
