
Microsoft Visual Studio Solution File, Format Version 12.00
# Visual Studio Version 17
VisualStudioVersion = 17.7.34031.279
MinimumVisualStudioVersion = 10.0.40219.1
Project("{8BC9CEB8-8B4A-11D0-8D11-00A0C91BC942}") = "lab3", "lab3\lab3.vcxproj", "{C5DB6940-FDBC-4E98-A5A4-947EC7BB3AFD}"
EndProject
Global
	GlobalSection(SolutionConfigurationPlatforms) = preSolution
		Debug|x64 = Debug|x64
		Debug|x86 = Debug|x86
		Release|x64 = Release|x64
		Release|x86 = Release|x86
	EndGlobalSection
	GlobalSection(ProjectConfigurationPlatforms) = postSolution
		{C5DB6940-FDBC-4E98-A5A4-947EC7BB3AFD}.Debug|x64.ActiveCfg = Debug|x64
		{C5DB6940-FDBC-4E98-A5A4-947EC7BB3AFD}.Debug|x64.Build.0 = Debug|x64
		{C5DB6940-FDBC-4E98-A5A4-947EC7BB3AFD}.Debug|x86.ActiveCfg = Debug|Win32
		{C5DB6940-FDBC-4E98-A5A4-947EC7BB3AFD}.Debug|x86.Build.0 = Debug|Win32
		{C5DB6940-FDBC-4E98-A5A4-947EC7BB3AFD}.Release|x64.ActiveCfg = Release|x64
		{C5DB6940-FDBC-4E98-A5A4-947EC7BB3AFD}.Release|x64.Build.0 = Release|x64
		{C5DB6940-FDBC-4E98-A5A4-947EC7BB3AFD}.Release|x86.ActiveCfg = Release|Win32
		{C5DB6940-FDBC-4E98-A5A4-947EC7BB3AFD}.Release|x86.Build.0 = Release|Win32
	EndGlobalSection
	GlobalSection(SolutionProperties) = preSolution
		HideSolutionNode = FALSE
	EndGlobalSection
	GlobalSection(ExtensibilityGlobals) = postSolution
		SolutionGuid = {C7D41418-CFC8-4362-9F32-7A3DE0DDD52C}
	EndGlobalSection
EndGlobal
